
Microsoft Visual Studio Solution File, Format Version 12.00
# Visual Studio Version 17
VisualStudioVersion = 17.14.36203.30 d17.14
MinimumVisualStudioVersion = 10.0.40219.1
Project("{FAE04EC0-301F-11D3-BF4B-00C04F79EFBC}") = "15830MAUI", "15830MAUI.csproj", "{850A5D75-7BDE-4711-A214-06FFEB3D3A90}"
EndProject
Global
	GlobalSection(SolutionConfigurationPlatforms) = preSolution
		Debug|Any CPU = Debug|Any CPU
		Release|Any CPU = Release|Any CPU
	EndGlobalSection
	GlobalSection(ProjectConfigurationPlatforms) = postSolution
		{850A5D75-7BDE-4711-A214-06FFEB3D3A90}.Debug|Any CPU.ActiveCfg = Debug|Any CPU
		{850A5D75-7BDE-4711-A214-06FFEB3D3A90}.Debug|Any CPU.Build.0 = Debug|Any CPU
		{850A5D75-7BDE-4711-A214-06FFEB3D3A90}.Debug|Any CPU.Deploy.0 = Debug|Any CPU
		{850A5D75-7BDE-4711-A214-06FFEB3D3A90}.Release|Any CPU.ActiveCfg = Release|Any CPU
		{850A5D75-7BDE-4711-A214-06FFEB3D3A90}.Release|Any CPU.Build.0 = Release|Any CPU
		{850A5D75-7BDE-4711-A214-06FFEB3D3A90}.Release|Any CPU.Deploy.0 = Release|Any CPU
	EndGlobalSection
	GlobalSection(SolutionProperties) = preSolution
		HideSolutionNode = FALSE
	EndGlobalSection
	GlobalSection(ExtensibilityGlobals) = postSolution
		SolutionGuid = {B7621544-A65A-45F8-A18A-23A52C1C13A5}
	EndGlobalSection
EndGlobal
